
Microsoft Visual Studio Solution File, Format Version 12.00
# Visual Studio Version 17
VisualStudioVersion = 17.0.32014.148
MinimumVisualStudioVersion = 10.0.40219.1
Project("{FAE04EC0-301F-11D3-BF4B-00C04F79EFBC}") = "OOP", "OOP\OOP.csproj", "{6498524F-7207-4587-98BE-E043A1851603}"
EndProject
Global
	GlobalSection(SolutionConfigurationPlatforms) = preSolution
		Debug|Any CPU = Debug|Any CPU
		Release|Any CPU = Release|Any CPU
	EndGlobalSection
	GlobalSection(ProjectConfigurationPlatforms) = postSolution
		{6498524F-7207-4587-98BE-E043A1851603}.Debug|Any CPU.ActiveCfg = Debug|Any CPU
		{6498524F-7207-4587-98BE-E043A1851603}.Debug|Any CPU.Build.0 = Debug|Any CPU
		{6498524F-7207-4587-98BE-E043A1851603}.Release|Any CPU.ActiveCfg = Release|Any CPU
		{6498524F-7207-4587-98BE-E043A1851603}.Release|Any CPU.Build.0 = Release|Any CPU
	EndGlobalSection
	GlobalSection(SolutionProperties) = preSolution
		HideSolutionNode = FALSE
	EndGlobalSection
	GlobalSection(ExtensibilityGlobals) = postSolution
		SolutionGuid = {2A0C905C-3FF5-49A5-A699-4CA4FAF1D78B}
	EndGlobalSection
EndGlobal
